{
  "name": "game",
  "version": "1.0.0",
  "lockfileVersion": 1,
  "requires": true,
  "dependencies": {
    "howler": {
      "version": "2.1.2",
      "resolved": "https://registry.npmjs.org/howler/-/howler-2.1.2.tgz",
      "integrity": "sha512-oKrTFaVXsDRoB/jik7cEpWKTj7VieoiuzMYJ7E/EU5ayvmpRhumCv3YQ3823zi9VTJkSWAhbryHnlZAionGAJg=="
    },
    "jquery": {
      "version": "3.5.0",
      "resolved": "https://registry.npmjs.org/jquery/-/jquery-3.5.0.tgz",
      "integrity": "sha512-Xb7SVYMvygPxbFMpTFQiHh1J7HClEaThguL15N/Gg37Lri/qKyhRGZYzHRyLH8Stq3Aow0LsHO2O2ci86fCrNQ=="
    },
    "sleepless": {
      "version": "2.7.2",
      "resolved": "https://registry.npmjs.org/sleepless/-/sleepless-2.7.2.tgz",
      "integrity": "sha512-tnOcMjXNGim4IJP/VMeyBWFy9oMHCLWe8Jt5Hlx7XfysXHPz1v66rZ3eKBqBvwZbRMXhXxhCY45GkE361C79Xg=="
    },
    "squids": {
      "version": "1.2.16",
      "resolved": "https://registry.npmjs.org/squids/-/squids-1.2.16.tgz",
      "integrity": "sha512-QN9yOV95pl9udaOTH5R0fnBMNg03V26F/1raY5BCPDma97s1bjeCQIeeTek1X4RhqNatDxcY8t7NOO4M4E8Vqw==",
      "requires": {
        "howler": "^2.1.2"
      }
    }
  }
}
